// !$*UTF8*$!
{
	archiveVersion = 1;
	classes = {
	};
	objectVersion = 50;
	objects = {

/* Begin PBXBuildFile section */
		0031D72E2354496400FE5316 /* Restaurant.m in Sources */ = {isa = PBXBuildFile; fileRef = 0031D72D2354496400FE5316 /* Restaurant.m */; };
		0071C4492341D113000FA128 /* RichGuest.m in Sources */ = {isa = PBXBuildFile; fileRef = 0071C4482341D113000FA128 /* RichGuest.m */; };
		00C3387523407C1700AE3FFA /* AppDelegate.m in Sources */ = {isa = PBXBuildFile; fileRef = 00C3387423407C1700AE3FFA /* AppDelegate.m */; };
		00C3387823407C1700AE3FFA /* SceneDelegate.m in Sources */ = {isa = PBXBuildFile; fileRef = 00C3387723407C1700AE3FFA /* SceneDelegate.m */; };
		00C3387B23407C1700AE3FFA /* ViewController.m in Sources */ = {isa = PBXBuildFile; fileRef = 00C3387A23407C1700AE3FFA /* ViewController.m */; };
		00C3387E23407C1700AE3FFA /* Main.storyboard in Resources */ = {isa = PBXBuildFile; fileRef = 00C3387C23407C1700AE3FFA /* Main.storyboard */; };
		00C3388023407C1800AE3FFA /* Assets.xcassets in Resources */ = {isa = PBXBuildFile; fileRef = 00C3387F23407C1800AE3FFA /* Assets.xcassets */; };
		00C3388323407C1800AE3FFA /* LaunchScreen.storyboard in Resources */ = {isa = PBXBuildFile; fileRef = 00C3388123407C1800AE3FFA /* LaunchScreen.storyboard */; };
		00C3388623407C1800AE3FFA /* main.m in Sources */ = {isa = PBXBuildFile; fileRef = 00C3388523407C1800AE3FFA /* main.m */; };
		00C33890234089D600AE3FFA /* Guest.m in Sources */ = {isa = PBXBuildFile; fileRef = 00C3388F234089D600AE3FFA /* Guest.m */; };
		00C33893234089E400AE3FFA /* Waiter.m in Sources */ = {isa = PBXBuildFile; fileRef = 00C33892234089E400AE3FFA /* Waiter.m */; };
		00C3389623408A7600AE3FFA /* Kitchen.m in Sources */ = {isa = PBXBuildFile; fileRef = 00C3389523408A7600AE3FFA /* Kitchen.m */; };
/* End PBXBuildFile section */

/* Begin PBXFileReference section */
		0031D72C2354496400FE5316 /* Restaurant.h */ = {isa = PBXFileReference; lastKnownFileType = sourcecode.c.h; path = Restaurant.h; sourceTree = "<group>"; };
		0031D72D2354496400FE5316 /* Restaurant.m */ = {isa = PBXFileReference; lastKnownFileType = sourcecode.c.objc; path = Restaurant.m; sourceTree = "<group>"; };
		0071C4472341D113000FA128 /* RichGuest.h */ = {isa = PBXFileReference; lastKnownFileType = sourcecode.c.h; path = RichGuest.h; sourceTree = "<group>"; };
		0071C4482341D113000FA128 /* RichGuest.m */ = {isa = PBXFileReference; lastKnownFileType = sourcecode.c.objc; path = RichGuest.m; sourceTree = "<group>"; };
		00C3387023407C1700AE3FFA /* HomeWorkDelegate.app */ = {isa = PBXFileReference; explicitFileType = wrapper.application; includeInIndex = 0; path = HomeWorkDelegate.app; sourceTree = BUILT_PRODUCTS_DIR; };
		00C3387323407C1700AE3FFA /* AppDelegate.h */ = {isa = PBXFileReference; lastKnownFileType = sourcecode.c.h; path = AppDelegate.h; sourceTree = "<group>"; };
		00C3387423407C1700AE3FFA /* AppDelegate.m */ = {isa = PBXFileReference; lastKnownFileType = sourcecode.c.objc; path = AppDelegate.m; sourceTree = "<group>"; };
		00C3387623407C1700AE3FFA /* SceneDelegate.h */ = {isa = PBXFileReference; lastKnownFileType = sourcecode.c.h; path = SceneDelegate.h; sourceTree = "<group>"; };
		00C3387723407C1700AE3FFA /* SceneDelegate.m */ = {isa = PBXFileReference; lastKnownFileType = sourcecode.c.objc; path = SceneDelegate.m; sourceTree = "<group>"; };
		00C3387923407C1700AE3FFA /* ViewController.h */ = {isa = PBXFileReference; lastKnownFileType = sourcecode.c.h; path = ViewController.h; sourceTree = "<group>"; };
		00C3387A23407C1700AE3FFA /* ViewController.m */ = {isa = PBXFileReference; lastKnownFileType = sourcecode.c.objc; path = ViewController.m; sourceTree = "<group>"; };
		00C3387D23407C1700AE3FFA /* Base */ = {isa = PBXFileReference; lastKnownFileType = file.storyboard; name = Base; path = Base.lproj/Main.storyboard; sourceTree = "<group>"; };
		00C3387F23407C1800AE3FFA /* Assets.xcassets */ = {isa = PBXFileReference; lastKnownFileType = folder.assetcatalog; path = Assets.xcassets; sourceTree = "<group>"; };
		00C3388223407C1800AE3FFA /* Base */ = {isa = PBXFileReference; lastKnownFileType = file.storyboard; name = Base; path = Base.lproj/LaunchScreen.storyboard; sourceTree = "<group>"; };
		00C3388423407C1800AE3FFA /* Info.plist */ = {isa = PBXFileReference; lastKnownFileType = text.plist.xml; path = Info.plist; sourceTree = "<group>"; };
		00C3388523407C1800AE3FFA /* main.m */ = {isa = PBXFileReference; lastKnownFileType = sourcecode.c.objc; path = main.m; sourceTree = "<group>"; };
		00C3388D234088CA00AE3FFA /* RestaurantProtocol.h */ = {isa = PBXFileReference; lastKnownFileType = sourcecode.c.h; path = RestaurantProtocol.h; sourceTree = "<group>"; };
		00C3388E234089D600AE3FFA /* Guest.h */ = {isa = PBXFileReference; lastKnownFileType = sourcecode.c.h; path = Guest.h; sourceTree = "<group>"; };
		00C3388F234089D600AE3FFA /* Guest.m */ = {isa = PBXFileReference; lastKnownFileType = sourcecode.c.objc; path = Guest.m; sourceTree = "<group>"; };
		00C33891234089E400AE3FFA /* Waiter.h */ = {isa = PBXFileReference; lastKnownFileType = sourcecode.c.h; path = Waiter.h; sourceTree = "<group>"; };
		00C33892234089E400AE3FFA /* Waiter.m */ = {isa = PBXFileReference; lastKnownFileType = sourcecode.c.objc; path = Waiter.m; sourceTree = "<group>"; };
		00C3389423408A7600AE3FFA /* Kitchen.h */ = {isa = PBXFileReference; lastKnownFileType = sourcecode.c.h; path = Kitchen.h; sourceTree = "<group>"; };
		00C3389523408A7600AE3FFA /* Kitchen.m */ = {isa = PBXFileReference; lastKnownFileType = sourcecode.c.objc; path = Kitchen.m; sourceTree = "<group>"; };
/* End PBXFileReference section */

/* Begin PBXFrameworksBuildPhase section */
		00C3386D23407C1700AE3FFA /* Frameworks */ = {
			isa = PBXFrameworksBuildPhase;
			buildActionMask = 2147483647;
			files = (
			);
			runOnlyForDeploymentPostprocessing = 0;
		};
/* End PBXFrameworksBuildPhase section */

/* Begin PBXGroup section */
		00C3386723407C1700AE3FFA = {
			isa = PBXGroup;
			children = (
				00C3387223407C1700AE3FFA /* HomeWorkDelegate */,
				00C3387123407C1700AE3FFA /* Products */,
			);
			sourceTree = "<group>";
		};
		00C3387123407C1700AE3FFA /* Products */ = {
			isa = PBXGroup;
			children = (
				00C3387023407C1700AE3FFA /* HomeWorkDelegate.app */,
			);
			name = Products;
			sourceTree = "<group>";
		};
		00C3387223407C1700AE3FFA /* HomeWorkDelegate */ = {
			isa = PBXGroup;
			children = (
				00C3388C2340889500AE3FFA /* Protolols */,
				00C3387323407C1700AE3FFA /* AppDelegate.h */,
				00C3387423407C1700AE3FFA /* AppDelegate.m */,
				00C3387623407C1700AE3FFA /* SceneDelegate.h */,
				00C3387723407C1700AE3FFA /* SceneDelegate.m */,
				00C3387923407C1700AE3FFA /* ViewController.h */,
				00C3387A23407C1700AE3FFA /* ViewController.m */,
				00C3387C23407C1700AE3FFA /* Main.storyboard */,
				00C3387F23407C1800AE3FFA /* Assets.xcassets */,
				00C3388123407C1800AE3FFA /* LaunchScreen.storyboard */,
				00C3388423407C1800AE3FFA /* Info.plist */,
				00C3388523407C1800AE3FFA /* main.m */,
			);
			path = HomeWorkDelegate;
			sourceTree = "<group>";
		};
		00C3388C2340889500AE3FFA /* Protolols */ = {
			isa = PBXGroup;
			children = (
				00C3388D234088CA00AE3FFA /* RestaurantProtocol.h */,
				00C3388E234089D600AE3FFA /* Guest.h */,
				0071C4472341D113000FA128 /* RichGuest.h */,
				0071C4482341D113000FA128 /* RichGuest.m */,
				00C3388F234089D600AE3FFA /* Guest.m */,
				00C33891234089E400AE3FFA /* Waiter.h */,
				00C33892234089E400AE3FFA /* Waiter.m */,
				00C3389423408A7600AE3FFA /* Kitchen.h */,
				00C3389523408A7600AE3FFA /* Kitchen.m */,
				0031D72C2354496400FE5316 /* Restaurant.h */,
				0031D72D2354496400FE5316 /* Restaurant.m */,
			);
			name = Protolols;
			sourceTree = "<group>";
		};
/* End PBXGroup section */

/* Begin PBXNativeTarget section */
		00C3386F23407C1700AE3FFA /* HomeWorkDelegate */ = {
			isa = PBXNativeTarget;
			buildConfigurationList = 00C3388923407C1800AE3FFA /* Build configuration list for PBXNativeTarget "HomeWorkDelegate" */;
			buildPhases = (
				00C3386C23407C1700AE3FFA /* Sources */,
				00C3386D23407C1700AE3FFA /* Frameworks */,
				00C3386E23407C1700AE3FFA /* Resources */,
			);
			buildRules = (
			);
			dependencies = (
			);
			name = HomeWorkDelegate;
			productName = HomeWorkDelegate;
			productReference = 00C3387023407C1700AE3FFA /* HomeWorkDelegate.app */;
			productType = "com.apple.product-type.application";
		};
/* End PBXNativeTarget section */

/* Begin PBXProject section */
		00C3386823407C1700AE3FFA /* Project object */ = {
			isa = PBXProject;
			attributes = {
				LastUpgradeCheck = 1100;
				ORGANIZATIONNAME = "Михаил Асмаковец";
				TargetAttributes = {
					00C3386F23407C1700AE3FFA = {
						CreatedOnToolsVersion = 11.0;
					};
				};
			};
			buildConfigurationList = 00C3386B23407C1700AE3FFA /* Build configuration list for PBXProject "HomeWorkDelegate" */;
			compatibilityVersion = "Xcode 9.3";
			developmentRegion = en;
			hasScannedForEncodings = 0;
			knownRegions = (
				en,
				Base,
			);
			mainGroup = 00C3386723407C1700AE3FFA;
			productRefGroup = 00C3387123407C1700AE3FFA /* Products */;
			projectDirPath = "";
			projectRoot = "";
			targets = (
				00C3386F23407C1700AE3FFA /* HomeWorkDelegate */,
			);
		};
/* End PBXProject section */

/* Begin PBXResourcesBuildPhase section */
		00C3386E23407C1700AE3FFA /* Resources */ = {
			isa = PBXResourcesBuildPhase;
			buildActionMask = 2147483647;
			files = (
				00C3388323407C1800AE3FFA /* LaunchScreen.storyboard in Resources */,
				00C3388023407C1800AE3FFA /* Assets.xcassets in Resources */,
				00C3387E23407C1700AE3FFA /* Main.storyboard in Resources */,
			);
			runOnlyForDeploymentPostprocessing = 0;
		};
/* End PBXResourcesBuildPhase section */

/* Begin PBXSourcesBuildPhase section */
		00C3386C23407C1700AE3FFA /* Sources */ = {
			isa = PBXSourcesBuildPhase;
			buildActionMask = 2147483647;
			files = (
				00C3387B23407C1700AE3FFA /* ViewController.m in Sources */,
				00C33890234089D600AE3FFA /* Guest.m in Sources */,
				00C3387523407C1700AE3FFA /* AppDelegate.m in Sources */,
				00C3388623407C1800AE3FFA /* main.m in Sources */,
				0031D72E2354496400FE5316 /* Restaurant.m in Sources */,
				0071C4492341D113000FA128 /* RichGuest.m in Sources */,
				00C3387823407C1700AE3FFA /* SceneDelegate.m in Sources */,
				00C33893234089E400AE3FFA /* Waiter.m in Sources */,
				00C3389623408A7600AE3FFA /* Kitchen.m in Sources */,
			);
			runOnlyForDeploymentPostprocessing = 0;
		};
/* End PBXSourcesBuildPhase section */

/* Begin PBXVariantGroup section */
		00C3387C23407C1700AE3FFA /* Main.storyboard */ = {
			isa = PBXVariantGroup;
			children = (
				00C3387D23407C1700AE3FFA /* Base */,
			);
			name = Main.storyboard;
			sourceTree = "<group>";
		};
		00C3388123407C1800AE3FFA /* LaunchScreen.storyboard */ = {
			isa = PBXVariantGroup;
			children = (
				00C3388223407C1800AE3FFA /* Base */,
			);
			name = LaunchScreen.storyboard;
			sourceTree = "<group>";
		};
/* End PBXVariantGroup section */

/* Begin XCBuildConfiguration section */
		00C3388723407C1800AE3FFA /* Debug */ = {
			isa = XCBuildConfiguration;
			buildSettings = {
				ALWAYS_SEARCH_USER_PATHS = NO;
				CLANG_ANALYZER_NONNULL = YES;
				CLANG_ANALYZER_NUMBER_OBJECT_CONVERSION = YES_AGGRESSIVE;
				CLANG_CXX_LANGUAGE_STANDARD = "gnu++14";
				CLANG_CXX_LIBRARY = "libc++";
				CLANG_ENABLE_MODULES = YES;
				CLANG_ENABLE_OBJC_ARC = YES;
				CLANG_ENABLE_OBJC_WEAK = YES;
				CLANG_WARN_BLOCK_CAPTURE_AUTORELEASING = YES;
				CLANG_WARN_BOOL_CONVERSION = YES;
				CLANG_WARN_COMMA = YES;
				CLANG_WARN_CONSTANT_CONVERSION = YES;
				CLANG_WARN_DEPRECATED_OBJC_IMPLEMENTATIONS = YES;
				CLANG_WARN_DIRECT_OBJC_ISA_USAGE = YES_ERROR;
				CLANG_WARN_DOCUMENTATION_COMMENTS = YES;
				CLANG_WARN_EMPTY_BODY = YES;
				CLANG_WARN_ENUM_CONVERSION = YES;
				CLANG_WARN_INFINITE_RECURSION = YES;
				CLANG_WARN_INT_CONVERSION = YES;
				CLANG_WARN_NON_LITERAL_NULL_CONVERSION = YES;
				CLANG_WARN_OBJC_IMPLICIT_RETAIN_SELF = YES;
				CLANG_WARN_OBJC_LITERAL_CONVERSION = YES;
				CLANG_WARN_OBJC_ROOT_CLASS = YES_ERROR;
				CLANG_WARN_RANGE_LOOP_ANALYSIS = YES;
				CLANG_WARN_STRICT_PROTOTYPES = YES;
				CLANG_WARN_SUSPICIOUS_MOVE = YES;
				CLANG_WARN_UNGUARDED_AVAILABILITY = YES_AGGRESSIVE;
				CLANG_WARN_UNREACHABLE_CODE = YES;
				CLANG_WARN__DUPLICATE_METHOD_MATCH = YES;
				COPY_PHASE_STRIP = NO;
				DEBUG_INFORMATION_FORMAT = dwarf;
				ENABLE_STRICT_OBJC_MSGSEND = YES;
				ENABLE_TESTABILITY = YES;
				GCC_C_LANGUAGE_STANDARD = gnu11;
				GCC_DYNAMIC_NO_PIC = NO;
				GCC_NO_COMMON_BLOCKS = YES;
				GCC_OPTIMIZATION_LEVEL = 0;
				GCC_PREPROCESSOR_DEFINITIONS = (
					"DEBUG=1",
					"$(inherited)",
				);
				GCC_WARN_64_TO_32_BIT_CONVERSION = YES;
				GCC_WARN_ABOUT_RETURN_TYPE = YES_ERROR;
				GCC_WARN_UNDECLARED_SELECTOR = YES;
				GCC_WARN_UNINITIALIZED_AUTOS = YES_AGGRESSIVE;
				GCC_WARN_UNUSED_FUNCTION = YES;
				GCC_WARN_UNUSED_VARIABLE = YES;
				IPHONEOS_DEPLOYMENT_TARGET = 13.0;
				MTL_ENABLE_DEBUG_INFO = INCLUDE_SOURCE;
				MTL_FAST_MATH = YES;
				ONLY_ACTIVE_ARCH = YES;
				SDKROOT = iphoneos;
			};
			name = Debug;
		};
		00C3388823407C1800AE3FFA /* Release */ = {
			isa = XCBuildConfiguration;
			buildSettings = {
				ALWAYS_SEARCH_USER_PATHS = NO;
				CLANG_ANALYZER_NONNULL = YES;
				CLANG_ANALYZER_NUMBER_OBJECT_CONVERSION = YES_AGGRESSIVE;
				CLANG_CXX_LANGUAGE_STANDARD = "gnu++14";
				CLANG_CXX_LIBRARY = "libc++";
				CLANG_ENABLE_MODULES = YES;
				CLANG_ENABLE_OBJC_ARC = YES;
				CLANG_ENABLE_OBJC_WEAK = YES;
				CLANG_WARN_BLOCK_CAPTURE_AUTORELEASING = YES;
				CLANG_WARN_BOOL_CONVERSION = YES;
				CLANG_WARN_COMMA = YES;
				CLANG_WARN_CONSTANT_CONVERSION = YES;
				CLANG_WARN_DEPRECATED_OBJC_IMPLEMENTATIONS = YES;
				CLANG_WARN_DIRECT_OBJC_ISA_USAGE = YES_ERROR;
				CLANG_WARN_DOCUMENTATION_COMMENTS = YES;
				CLANG_WARN_EMPTY_BODY = YES;
				CLANG_WARN_ENUM_CONVERSION = YES;
				CLANG_WARN_INFINITE_RECURSION = YES;
				CLANG_WARN_INT_CONVERSION = YES;
				CLANG_WARN_NON_LITERAL_NULL_CONVERSION = YES;
				CLANG_WARN_OBJC_IMPLICIT_RETAIN_SELF = YES;
				CLANG_WARN_OBJC_LITERAL_CONVERSION = YES;
				CLANG_WARN_OBJC_ROOT_CLASS = YES_ERROR;
				CLANG_WARN_RANGE_LOOP_ANALYSIS = YES;
				CLANG_WARN_STRICT_PROTOTYPES = YES;
				CLANG_WARN_SUSPICIOUS_MOVE = YES;
				CLANG_WARN_UNGUARDED_AVAILABILITY = YES_AGGRESSIVE;
				CLANG_WARN_UNREACHABLE_CODE = YES;
				CLANG_WARN__DUPLICATE_METHOD_MATCH = YES;
				COPY_PHASE_STRIP = NO;
				DEBUG_INFORMATION_FORMAT = "dwarf-with-dsym";
				ENABLE_NS_ASSERTIONS = NO;
				ENABLE_STRICT_OBJC_MSGSEND = YES;
				GCC_C_LANGUAGE_STANDARD = gnu11;
				GCC_NO_COMMON_BLOCKS = YES;
				GCC_WARN_64_TO_32_BIT_CONVERSION = YES;
				GCC_WARN_ABOUT_RETURN_TYPE = YES_ERROR;
				GCC_WARN_UNDECLARED_SELECTOR = YES;
				GCC_WARN_UNINITIALIZED_AUTOS = YES_AGGRESSIVE;
				GCC_WARN_UNUSED_FUNCTION = YES;
				GCC_WARN_UNUSED_VARIABLE = YES;
				IPHONEOS_DEPLOYMENT_TARGET = 13.0;
				MTL_ENABLE_DEBUG_INFO = NO;
				MTL_FAST_MATH = YES;
				SDKROOT = iphoneos;
				VALIDATE_PRODUCT = YES;
			};
			name = Release;
		};
		00C3388A23407C1800AE3FFA /* Debug */ = {
			isa = XCBuildConfiguration;
			buildSettings = {
				ASSETCATALOG_COMPILER_APPICON_NAME = AppIcon;
				CODE_SIGN_IDENTITY = "iPhone Developer";
				CODE_SIGN_STYLE = Automatic;
				DEVELOPMENT_TEAM = 26LWM2HSCG;
				INFOPLIST_FILE = HomeWorkDelegate/Info.plist;
				IPHONEOS_DEPLOYMENT_TARGET = 12.4;
				LD_RUNPATH_SEARCH_PATHS = (
					"$(inherited)",
					"@executable_path/Frameworks",
				);
				PRODUCT_BUNDLE_IDENTIFIER = "Home-Office.HomeWorkDelegate";
				PRODUCT_NAME = "$(TARGET_NAME)";
				PROVISIONING_PROFILE_SPECIFIER = "";
				RESOURCES_TARGETED_DEVICE_FAMILY = "";
				TARGETED_DEVICE_FAMILY = "1,2";
			};
			name = Debug;
		};
		00C3388B23407C1800AE3FFA /* Release */ = {
			isa = XCBuildConfiguration;
			buildSettings = {
				ASSETCATALOG_COMPILER_APPICON_NAME = AppIcon;
				CODE_SIGN_IDENTITY = "iPhone Developer";
				CODE_SIGN_STYLE = Automatic;
				DEVELOPMENT_TEAM = 26LWM2HSCG;
				INFOPLIST_FILE = HomeWorkDelegate/Info.plist;
				IPHONEOS_DEPLOYMENT_TARGET = 12.4;
				LD_RUNPATH_SEARCH_PATHS = (
					"$(inherited)",
					"@executable_path/Frameworks",
				);
				PRODUCT_BUNDLE_IDENTIFIER = "Home-Office.HomeWorkDelegate";
				PRODUCT_NAME = "$(TARGET_NAME)";
				PROVISIONING_PROFILE_SPECIFIER = "";
				RESOURCES_TARGETED_DEVICE_FAMILY = "";
				TARGETED_DEVICE_FAMILY = "1,2";
			};
			name = Release;
		};
/* End XCBuildConfiguration section */

/* Begin XCConfigurationList section */
		00C3386B23407C1700AE3FFA /* Build configuration list for PBXProject "HomeWorkDelegate" */ = {
			isa = XCConfigurationList;
			buildConfigurations = (
				00C3388723407C1800AE3FFA /* Debug */,
				00C3388823407C1800AE3FFA /* Release */,
			);
			defaultConfigurationIsVisible = 0;
			defaultConfigurationName = Release;
		};
		00C3388923407C1800AE3FFA /* Build configuration list for PBXNativeTarget "HomeWorkDelegate" */ = {
			isa = XCConfigurationList;
			buildConfigurations = (
				00C3388A23407C1800AE3FFA /* Debug */,
				00C3388B23407C1800AE3FFA /* Release */,
			);
			defaultConfigurationIsVisible = 0;
			defaultConfigurationName = Release;
		};
/* End XCConfigurationList section */
	};
	rootObject = 00C3386823407C1700AE3FFA /* Project object */;
}
